
Microsoft Visual Studio Solution File, Format Version 12.00
# Visual Studio Version 16
VisualStudioVersion = 16.0.31025.194
MinimumVisualStudioVersion = 10.0.40219.1
Project("{FAE04EC0-301F-11D3-BF4B-00C04F79EFBC}") = "DiscordBot", "DiscordBot\DiscordBot.csproj", "{5540DC94-0420-4911-998A-519124E4AEBA}"
EndProject
Global
	GlobalSection(SolutionConfigurationPlatforms) = preSolution
		Debug|Any CPU = Debug|Any CPU
		Release|Any CPU = Release|Any CPU
	EndGlobalSection
	GlobalSection(ProjectConfigurationPlatforms) = postSolution
		{5540DC94-0420-4911-998A-519124E4AEBA}.Debug|Any CPU.ActiveCfg = Debug|Any CPU
		{5540DC94-0420-4911-998A-519124E4AEBA}.Debug|Any CPU.Build.0 = Debug|Any CPU
		{5540DC94-0420-4911-998A-519124E4AEBA}.Release|Any CPU.ActiveCfg = Release|Any CPU
		{5540DC94-0420-4911-998A-519124E4AEBA}.Release|Any CPU.Build.0 = Release|Any CPU
	EndGlobalSection
	GlobalSection(SolutionProperties) = preSolution
		HideSolutionNode = FALSE
	EndGlobalSection
	GlobalSection(ExtensibilityGlobals) = postSolution
		SolutionGuid = {77166F27-0FE4-4745-A5F9-976F2A21471E}
	EndGlobalSection
EndGlobal
